<?xml version="1.0" encoding="UTF-8"?>
<CodeBlocks_project_file>
	<FileVersion major="1" minor="6"/>
	<Project>
		<Option title="GLFW"/>
		<Option makefile_is_custom="1"/>
		<Option compiler="gcc"/>
		<Option virtualFolders="CMake Files\;CMake Files\Dependencies\;CMake Files\Dependencies\assimp-4.0.1\;CMake Files\Dependencies\assimp-4.0.1\include\;CMake Files\Dependencies\assimp-4.0.1\include\assimp\;CMake Files\Dependencies\assimp-4.0.1\cmake-modules\;CMake Files\Dependencies\assimp-4.0.1\contrib\;CMake Files\Dependencies\assimp-4.0.1\contrib\irrXML\;CMake Files\Dependencies\assimp-4.0.1\code\;CMake Files\Dependencies\assimp-4.0.1\tools\;CMake Files\Dependencies\assimp-4.0.1\tools\assimp_cmd\;CMake Files\Dependencies\assimp-4.0.1\test\;CMake Files\Dependencies\assimp-4.0.1\test\headercheck\;CMake Files\Dependencies\glfw-3.2.1\;CMake Files\Dependencies\glfw-3.2.1\CMake\;CMake Files\Dependencies\glfw-3.2.1\CMake\modules\;CMake Files\Dependencies\glfw-3.2.1\src\;CMake Files\..\;CMake Files\..\..\;CMake Files\..\..\..\;CMake Files\..\..\..\..\;CMake Files\..\..\..\..\..\;CMake Files\..\..\..\..\..\usr\;CMake Files\..\..\..\..\..\usr\lib\;CMake Files\..\..\..\..\..\usr\lib\x86_64-linux-gnu\;CMake Files\..\..\..\..\..\usr\lib\x86_64-linux-gnu\cmake\;CMake Files\..\..\..\..\..\usr\lib\x86_64-linux-gnu\cmake\Qt5Widgets\;CMake Files\..\..\..\..\..\usr\lib\x86_64-linux-gnu\cmake\Qt5Gui\;CMake Files\..\..\..\..\..\usr\lib\x86_64-linux-gnu\cmake\Qt5Core\;CMake Files\configuration\;"/>
		<Build>
			<Target title="all">
				<Option working_dir="/home/saul/proj/Fondue-Rays/Fondue-core/Dependencies/glfw-3.2.1"/>
				<Option type="4"/>
				<MakeCommands>
					<Build command="/usr/bin/make -j4 -f &quot;/home/saul/proj/Fondue-Rays/Fondue-core/Dependencies/glfw-3.2.1/Makefile&quot;  VERBOSE=1 all"/>
					<CompileFile command="/usr/bin/make -j4 -f &quot;/home/saul/proj/Fondue-Rays/Fondue-core/Dependencies/glfw-3.2.1/Makefile&quot;  VERBOSE=1 &quot;$file&quot;"/>
					<Clean command="/usr/bin/make -j4 -f &quot;/home/saul/proj/Fondue-Rays/Fondue-core/Dependencies/glfw-3.2.1/Makefile&quot;  VERBOSE=1 clean"/>
					<DistClean command="/usr/bin/make -j4 -f &quot;/home/saul/proj/Fondue-Rays/Fondue-core/Dependencies/glfw-3.2.1/Makefile&quot;  VERBOSE=1 clean"/>
				</MakeCommands>
			</Target>
			<Target title="uninstall">
				<Option working_dir="/home/saul/proj/Fondue-Rays/Fondue-core/Dependencies/glfw-3.2.1"/>
				<Option type="4"/>
				<MakeCommands>
					<Build command="/usr/bin/make -j4 -f &quot;/home/saul/proj/Fondue-Rays/Fondue-core/Dependencies/glfw-3.2.1/Makefile&quot;  VERBOSE=1 uninstall"/>
					<CompileFile command="/usr/bin/make -j4 -f &quot;/home/saul/proj/Fondue-Rays/Fondue-core/Dependencies/glfw-3.2.1/Makefile&quot;  VERBOSE=1 &quot;$file&quot;"/>
					<Clean command="/usr/bin/make -j4 -f &quot;/home/saul/proj/Fondue-Rays/Fondue-core/Dependencies/glfw-3.2.1/Makefile&quot;  VERBOSE=1 clean"/>
					<DistClean command="/usr/bin/make -j4 -f &quot;/home/saul/proj/Fondue-Rays/Fondue-core/Dependencies/glfw-3.2.1/Makefile&quot;  VERBOSE=1 clean"/>
				</MakeCommands>
			</Target>
			<Target title="glfw">
				<Option output="/home/saul/proj/Fondue-Rays/Fondue-core/Dependencies/glfw-3.2.1/src/bin/libglfw3d.a" prefix_auto="0" extension_auto="0"/>
				<Option working_dir="/home/saul/proj/Fondue-Rays/Fondue-core/Dependencies/glfw-3.2.1/src"/>
				<Option object_output="./"/>
				<Option type="2"/>
				<Option compiler="gcc"/>
				<Compiler>
					<Add option="-D_GLFW_USE_CONFIG_H"/>
					<Add option="-DFT2_BUILD_LIBRARY"/>
					<Add option="-D_LIB"/>
					<Add option="-D_CRT_NONSTDC_NO_DEPRECATE"/>
					<Add option="-D_CRT_SECURE_NO_WARNINGS"/>
					<Add directory="/home/saul/proj/Fondue-Rays/Fondue-core/$(FREEIMAGE_INCLUDE_DIRS)"/>
					<Add directory="/home/saul/proj/Fondue-Rays/Fondue-core/Dependencies"/>
					<Add directory="/home/saul/proj/Fondue-Rays/Fondue-core/Dependencies/emscripten/include"/>
					<Add directory="/home/saul/proj/Fondue-Rays/Fondue-core/Dependencies/glfw-3.2.1/include"/>
					<Add directory="/home/saul/proj/Fondue-Rays/Fondue-core/Dependencies/glfw-3.2.1/src"/>
					<Add directory="/usr/include/c++/7"/>
					<Add directory="/usr/include/x86_64-linux-gnu/c++/7"/>
					<Add directory="/usr/include/c++/7/backward"/>
					<Add directory="/usr/lib/gcc/x86_64-linux-gnu/7/include"/>
					<Add directory="/usr/local/include"/>
					<Add directory="/usr/lib/gcc/x86_64-linux-gnu/7/include-fixed"/>
					<Add directory="/usr/include/x86_64-linux-gnu"/>
					<Add directory="/usr/include"/>
				</Compiler>
				<MakeCommands>
					<Build command="/usr/bin/make -j4 -f &quot;/home/saul/proj/Fondue-Rays/Fondue-core/Dependencies/glfw-3.2.1/src/Makefile&quot;  VERBOSE=1 glfw"/>
					<CompileFile command="/usr/bin/make -j4 -f &quot;/home/saul/proj/Fondue-Rays/Fondue-core/Dependencies/glfw-3.2.1/src/Makefile&quot;  VERBOSE=1 &quot;$file&quot;"/>
					<Clean command="/usr/bin/make -j4 -f &quot;/home/saul/proj/Fondue-Rays/Fondue-core/Dependencies/glfw-3.2.1/src/Makefile&quot;  VERBOSE=1 clean"/>
					<DistClean command="/usr/bin/make -j4 -f &quot;/home/saul/proj/Fondue-Rays/Fondue-core/Dependencies/glfw-3.2.1/src/Makefile&quot;  VERBOSE=1 clean"/>
				</MakeCommands>
			</Target>
			<Target title="glfw/fast">
				<Option output="/home/saul/proj/Fondue-Rays/Fondue-core/Dependencies/glfw-3.2.1/src/bin/libglfw3d.a" prefix_auto="0" extension_auto="0"/>
				<Option working_dir="/home/saul/proj/Fondue-Rays/Fondue-core/Dependencies/glfw-3.2.1/src"/>
				<Option object_output="./"/>
				<Option type="2"/>
				<Option compiler="gcc"/>
				<Compiler>
					<Add option="-D_GLFW_USE_CONFIG_H"/>
					<Add option="-DFT2_BUILD_LIBRARY"/>
					<Add option="-D_LIB"/>
					<Add option="-D_CRT_NONSTDC_NO_DEPRECATE"/>
					<Add option="-D_CRT_SECURE_NO_WARNINGS"/>
					<Add directory="/home/saul/proj/Fondue-Rays/Fondue-core/$(FREEIMAGE_INCLUDE_DIRS)"/>
					<Add directory="/home/saul/proj/Fondue-Rays/Fondue-core/Dependencies"/>
					<Add directory="/home/saul/proj/Fondue-Rays/Fondue-core/Dependencies/emscripten/include"/>
					<Add directory="/home/saul/proj/Fondue-Rays/Fondue-core/Dependencies/glfw-3.2.1/include"/>
					<Add directory="/home/saul/proj/Fondue-Rays/Fondue-core/Dependencies/glfw-3.2.1/src"/>
					<Add directory="/usr/include/c++/7"/>
					<Add directory="/usr/include/x86_64-linux-gnu/c++/7"/>
					<Add directory="/usr/include/c++/7/backward"/>
					<Add directory="/usr/lib/gcc/x86_64-linux-gnu/7/include"/>
					<Add directory="/usr/local/include"/>
					<Add directory="/usr/lib/gcc/x86_64-linux-gnu/7/include-fixed"/>
					<Add directory="/usr/include/x86_64-linux-gnu"/>
					<Add directory="/usr/include"/>
				</Compiler>
				<MakeCommands>
					<Build command="/usr/bin/make -j4 -f &quot;/home/saul/proj/Fondue-Rays/Fondue-core/Dependencies/glfw-3.2.1/src/Makefile&quot;  VERBOSE=1 glfw/fast"/>
					<CompileFile command="/usr/bin/make -j4 -f &quot;/home/saul/proj/Fondue-Rays/Fondue-core/Dependencies/glfw-3.2.1/src/Makefile&quot;  VERBOSE=1 &quot;$file&quot;"/>
					<Clean command="/usr/bin/make -j4 -f &quot;/home/saul/proj/Fondue-Rays/Fondue-core/Dependencies/glfw-3.2.1/src/Makefile&quot;  VERBOSE=1 clean"/>
					<DistClean command="/usr/bin/make -j4 -f &quot;/home/saul/proj/Fondue-Rays/Fondue-core/Dependencies/glfw-3.2.1/src/Makefile&quot;  VERBOSE=1 clean"/>
				</MakeCommands>
			</Target>
		</Build>
		<Unit filename="/home/saul/proj/Fondue-Rays/Fondue-core/Dependencies/glfw-3.2.1/include/GLFW/glfw3.h">
			<Option target="glfw"/>
		</Unit>
		<Unit filename="/home/saul/proj/Fondue-Rays/Fondue-core/Dependencies/glfw-3.2.1/include/GLFW/glfw3native.h">
			<Option target="glfw"/>
		</Unit>
		<Unit filename="/home/saul/proj/Fondue-Rays/Fondue-core/Dependencies/glfw-3.2.1/src/context.c">
			<Option target="glfw"/>
		</Unit>
		<Unit filename="/home/saul/proj/Fondue-Rays/Fondue-core/Dependencies/glfw-3.2.1/src/egl_context.c">
			<Option target="glfw"/>
		</Unit>
		<Unit filename="/home/saul/proj/Fondue-Rays/Fondue-core/Dependencies/glfw-3.2.1/src/egl_context.h">
			<Option target="glfw"/>
		</Unit>
		<Unit filename="/home/saul/proj/Fondue-Rays/Fondue-core/Dependencies/glfw-3.2.1/src/glfw_config.h">
			<Option target="glfw"/>
		</Unit>
		<Unit filename="/home/saul/proj/Fondue-Rays/Fondue-core/Dependencies/glfw-3.2.1/src/glx_context.c">
			<Option target="glfw"/>
		</Unit>
		<Unit filename="/home/saul/proj/Fondue-Rays/Fondue-core/Dependencies/glfw-3.2.1/src/glx_context.h">
			<Option target="glfw"/>
		</Unit>
		<Unit filename="/home/saul/proj/Fondue-Rays/Fondue-core/Dependencies/glfw-3.2.1/src/init.c">
			<Option target="glfw"/>
		</Unit>
		<Unit filename="/home/saul/proj/Fondue-Rays/Fondue-core/Dependencies/glfw-3.2.1/src/input.c">
			<Option target="glfw"/>
		</Unit>
		<Unit filename="/home/saul/proj/Fondue-Rays/Fondue-core/Dependencies/glfw-3.2.1/src/internal.h">
			<Option target="glfw"/>
		</Unit>
		<Unit filename="/home/saul/proj/Fondue-Rays/Fondue-core/Dependencies/glfw-3.2.1/src/linux_joystick.c">
			<Option target="glfw"/>
		</Unit>
		<Unit filename="/home/saul/proj/Fondue-Rays/Fondue-core/Dependencies/glfw-3.2.1/src/linux_joystick.h">
			<Option target="glfw"/>
		</Unit>
		<Unit filename="/home/saul/proj/Fondue-Rays/Fondue-core/Dependencies/glfw-3.2.1/src/monitor.c">
			<Option target="glfw"/>
		</Unit>
		<Unit filename="/home/saul/proj/Fondue-Rays/Fondue-core/Dependencies/glfw-3.2.1/src/posix_time.c">
			<Option target="glfw"/>
		</Unit>
		<Unit filename="/home/saul/proj/Fondue-Rays/Fondue-core/Dependencies/glfw-3.2.1/src/posix_time.h">
			<Option target="glfw"/>
		</Unit>
		<Unit filename="/home/saul/proj/Fondue-Rays/Fondue-core/Dependencies/glfw-3.2.1/src/posix_tls.c">
			<Option target="glfw"/>
		</Unit>
		<Unit filename="/home/saul/proj/Fondue-Rays/Fondue-core/Dependencies/glfw-3.2.1/src/posix_tls.h">
			<Option target="glfw"/>
		</Unit>
		<Unit filename="/home/saul/proj/Fondue-Rays/Fondue-core/Dependencies/glfw-3.2.1/src/vulkan.c">
			<Option target="glfw"/>
		</Unit>
		<Unit filename="/home/saul/proj/Fondue-Rays/Fondue-core/Dependencies/glfw-3.2.1/src/window.c">
			<Option target="glfw"/>
		</Unit>
		<Unit filename="/home/saul/proj/Fondue-Rays/Fondue-core/Dependencies/glfw-3.2.1/src/x11_init.c">
			<Option target="glfw"/>
		</Unit>
		<Unit filename="/home/saul/proj/Fondue-Rays/Fondue-core/Dependencies/glfw-3.2.1/src/x11_monitor.c">
			<Option target="glfw"/>
		</Unit>
		<Unit filename="/home/saul/proj/Fondue-Rays/Fondue-core/Dependencies/glfw-3.2.1/src/x11_platform.h">
			<Option target="glfw"/>
		</Unit>
		<Unit filename="/home/saul/proj/Fondue-Rays/Fondue-core/Dependencies/glfw-3.2.1/src/x11_window.c">
			<Option target="glfw"/>
		</Unit>
		<Unit filename="/home/saul/proj/Fondue-Rays/Fondue-core/Dependencies/glfw-3.2.1/src/xkb_unicode.c">
			<Option target="glfw"/>
		</Unit>
		<Unit filename="/home/saul/proj/Fondue-Rays/Fondue-core/Dependencies/glfw-3.2.1/src/xkb_unicode.h">
			<Option target="glfw"/>
		</Unit>
		<Unit filename="/home/saul/proj/Fondue-Rays/Fondue-core/CMakeLists.txt">
			<Option virtualFolder="CMake Files\"/>
		</Unit>
		<Unit filename="/home/saul/proj/Fondue-Rays/Fondue-core/Dependencies/assimp-4.0.1/CMakeLists.txt">
			<Option virtualFolder="CMake Files\Dependencies\assimp-4.0.1\"/>
		</Unit>
		<Unit filename="/home/saul/proj/Fondue-Rays/Fondue-core/Dependencies/assimp-4.0.1/assimp-config-version.cmake.in">
			<Option virtualFolder="CMake Files\Dependencies\assimp-4.0.1\"/>
		</Unit>
		<Unit filename="/home/saul/proj/Fondue-Rays/Fondue-core/Dependencies/assimp-4.0.1/assimp-config.cmake.in">
			<Option virtualFolder="CMake Files\Dependencies\assimp-4.0.1\"/>
		</Unit>
		<Unit filename="/home/saul/proj/Fondue-Rays/Fondue-core/Dependencies/assimp-4.0.1/assimp.pc.in">
			<Option virtualFolder="CMake Files\Dependencies\assimp-4.0.1\"/>
		</Unit>
		<Unit filename="/home/saul/proj/Fondue-Rays/Fondue-core/Dependencies/assimp-4.0.1/revision.h.in">
			<Option virtualFolder="CMake Files\Dependencies\assimp-4.0.1\"/>
		</Unit>
		<Unit filename="/home/saul/proj/Fondue-Rays/Fondue-core/Dependencies/assimp-4.0.1/include/assimp/config.h.in">
			<Option virtualFolder="CMake Files\Dependencies\assimp-4.0.1\include\assimp\"/>
		</Unit>
		<Unit filename="/home/saul/proj/Fondue-Rays/Fondue-core/Dependencies/assimp-4.0.1/cmake-modules/FindDevIL.cmake">
			<Option virtualFolder="CMake Files\Dependencies\assimp-4.0.1\cmake-modules\"/>
		</Unit>
		<Unit filename="/home/saul/proj/Fondue-Rays/Fondue-core/Dependencies/assimp-4.0.1/cmake-modules/FindDirectX.cmake">
			<Option virtualFolder="CMake Files\Dependencies\assimp-4.0.1\cmake-modules\"/>
		</Unit>
		<Unit filename="/home/saul/proj/Fondue-Rays/Fondue-core/Dependencies/assimp-4.0.1/cmake-modules/FindPkgMacros.cmake">
			<Option virtualFolder="CMake Files\Dependencies\assimp-4.0.1\cmake-modules\"/>
		</Unit>
		<Unit filename="/home/saul/proj/Fondue-Rays/Fondue-core/Dependencies/assimp-4.0.1/cmake-modules/FindRT.cmake">
			<Option virtualFolder="CMake Files\Dependencies\assimp-4.0.1\cmake-modules\"/>
		</Unit>
		<Unit filename="/home/saul/proj/Fondue-Rays/Fondue-core/Dependencies/assimp-4.0.1/cmake-modules/FindZLIB.cmake">
			<Option virtualFolder="CMake Files\Dependencies\assimp-4.0.1\cmake-modules\"/>
		</Unit>
		<Unit filename="/home/saul/proj/Fondue-Rays/Fondue-core/Dependencies/assimp-4.0.1/cmake-modules/PrecompiledHeader.cmake">
			<Option virtualFolder="CMake Files\Dependencies\assimp-4.0.1\cmake-modules\"/>
		</Unit>
		<Unit filename="/home/saul/proj/Fondue-Rays/Fondue-core/Dependencies/assimp-4.0.1/contrib/CMakeLists.txt">
			<Option virtualFolder="CMake Files\Dependencies\assimp-4.0.1\contrib\"/>
		</Unit>
		<Unit filename="/home/saul/proj/Fondue-Rays/Fondue-core/Dependencies/assimp-4.0.1/contrib/irrXML/CMakeLists.txt">
			<Option virtualFolder="CMake Files\Dependencies\assimp-4.0.1\contrib\irrXML\"/>
		</Unit>
		<Unit filename="/home/saul/proj/Fondue-Rays/Fondue-core/Dependencies/assimp-4.0.1/code/CMakeLists.txt">
			<Option virtualFolder="CMake Files\Dependencies\assimp-4.0.1\code\"/>
		</Unit>
		<Unit filename="/home/saul/proj/Fondue-Rays/Fondue-core/Dependencies/assimp-4.0.1/tools/assimp_cmd/CMakeLists.txt">
			<Option virtualFolder="CMake Files\Dependencies\assimp-4.0.1\tools\assimp_cmd\"/>
		</Unit>
		<Unit filename="/home/saul/proj/Fondue-Rays/Fondue-core/Dependencies/assimp-4.0.1/test/CMakeLists.txt">
			<Option virtualFolder="CMake Files\Dependencies\assimp-4.0.1\test\"/>
		</Unit>
		<Unit filename="/home/saul/proj/Fondue-Rays/Fondue-core/Dependencies/assimp-4.0.1/test/headercheck/CMakeLists.txt">
			<Option virtualFolder="CMake Files\Dependencies\assimp-4.0.1\test\headercheck\"/>
		</Unit>
		<Unit filename="/home/saul/proj/Fondue-Rays/Fondue-core/Dependencies/glfw-3.2.1/CMakeLists.txt">
			<Option virtualFolder="CMake Files\Dependencies\glfw-3.2.1\"/>
		</Unit>
		<Unit filename="/home/saul/proj/Fondue-Rays/Fondue-core/Dependencies/glfw-3.2.1/cmake_uninstall.cmake.in">
			<Option virtualFolder="CMake Files\Dependencies\glfw-3.2.1\"/>
		</Unit>
		<Unit filename="/home/saul/proj/Fondue-Rays/Fondue-core/Dependencies/glfw-3.2.1/CMake/modules/FindVulkan.cmake">
			<Option virtualFolder="CMake Files\Dependencies\glfw-3.2.1\CMake\modules\"/>
		</Unit>
		<Unit filename="/home/saul/proj/Fondue-Rays/Fondue-core/Dependencies/glfw-3.2.1/src/CMakeLists.txt">
			<Option virtualFolder="CMake Files\Dependencies\glfw-3.2.1\src\"/>
		</Unit>
		<Unit filename="/home/saul/proj/Fondue-Rays/Fondue-core/Dependencies/glfw-3.2.1/src/glfw3.pc.in">
			<Option virtualFolder="CMake Files\Dependencies\glfw-3.2.1\src\"/>
		</Unit>
		<Unit filename="/home/saul/proj/Fondue-Rays/Fondue-core/Dependencies/glfw-3.2.1/src/glfw3Config.cmake.in">
			<Option virtualFolder="CMake Files\Dependencies\glfw-3.2.1\src\"/>
		</Unit>
		<Unit filename="/home/saul/proj/Fondue-Rays/Fondue-core/Dependencies/glfw-3.2.1/src/glfw_config.h.in">
			<Option virtualFolder="CMake Files\Dependencies\glfw-3.2.1\src\"/>
		</Unit>
		<Unit filename="/home/saul/proj/Fondue-Rays/Fondue-core/../../../../../usr/lib/x86_64-linux-gnu/cmake/Qt5Widgets/Qt5WidgetsConfig.cmake">
			<Option virtualFolder="CMake Files\..\..\..\..\..\usr\lib\x86_64-linux-gnu\cmake\Qt5Widgets\"/>
		</Unit>
		<Unit filename="/home/saul/proj/Fondue-Rays/Fondue-core/../../../../../usr/lib/x86_64-linux-gnu/cmake/Qt5Widgets/Qt5WidgetsConfigExtras.cmake">
			<Option virtualFolder="CMake Files\..\..\..\..\..\usr\lib\x86_64-linux-gnu\cmake\Qt5Widgets\"/>
		</Unit>
		<Unit filename="/home/saul/proj/Fondue-Rays/Fondue-core/../../../../../usr/lib/x86_64-linux-gnu/cmake/Qt5Widgets/Qt5WidgetsConfigVersion.cmake">
			<Option virtualFolder="CMake Files\..\..\..\..\..\usr\lib\x86_64-linux-gnu\cmake\Qt5Widgets\"/>
		</Unit>
		<Unit filename="/home/saul/proj/Fondue-Rays/Fondue-core/../../../../../usr/lib/x86_64-linux-gnu/cmake/Qt5Widgets/Qt5WidgetsMacros.cmake">
			<Option virtualFolder="CMake Files\..\..\..\..\..\usr\lib\x86_64-linux-gnu\cmake\Qt5Widgets\"/>
		</Unit>
		<Unit filename="/home/saul/proj/Fondue-Rays/Fondue-core/../../../../../usr/lib/x86_64-linux-gnu/cmake/Qt5Gui/Qt5GuiConfig.cmake">
			<Option virtualFolder="CMake Files\..\..\..\..\..\usr\lib\x86_64-linux-gnu\cmake\Qt5Gui\"/>
		</Unit>
		<Unit filename="/home/saul/proj/Fondue-Rays/Fondue-core/../../../../../usr/lib/x86_64-linux-gnu/cmake/Qt5Gui/Qt5GuiConfigExtras.cmake">
			<Option virtualFolder="CMake Files\..\..\..\..\..\usr\lib\x86_64-linux-gnu\cmake\Qt5Gui\"/>
		</Unit>
		<Unit filename="/home/saul/proj/Fondue-Rays/Fondue-core/../../../../../usr/lib/x86_64-linux-gnu/cmake/Qt5Gui/Qt5GuiConfigVersion.cmake">
			<Option virtualFolder="CMake Files\..\..\..\..\..\usr\lib\x86_64-linux-gnu\cmake\Qt5Gui\"/>
		</Unit>
		<Unit filename="/home/saul/proj/Fondue-Rays/Fondue-core/../../../../../usr/lib/x86_64-linux-gnu/cmake/Qt5Core/Qt5CoreConfig.cmake">
			<Option virtualFolder="CMake Files\..\..\..\..\..\usr\lib\x86_64-linux-gnu\cmake\Qt5Core\"/>
		</Unit>
		<Unit filename="/home/saul/proj/Fondue-Rays/Fondue-core/../../../../../usr/lib/x86_64-linux-gnu/cmake/Qt5Core/Qt5CoreConfigExtras.cmake">
			<Option virtualFolder="CMake Files\..\..\..\..\..\usr\lib\x86_64-linux-gnu\cmake\Qt5Core\"/>
		</Unit>
		<Unit filename="/home/saul/proj/Fondue-Rays/Fondue-core/../../../../../usr/lib/x86_64-linux-gnu/cmake/Qt5Core/Qt5CoreConfigExtrasMkspecDir.cmake">
			<Option virtualFolder="CMake Files\..\..\..\..\..\usr\lib\x86_64-linux-gnu\cmake\Qt5Core\"/>
		</Unit>
		<Unit filename="/home/saul/proj/Fondue-Rays/Fondue-core/../../../../../usr/lib/x86_64-linux-gnu/cmake/Qt5Core/Qt5CoreConfigVersion.cmake">
			<Option virtualFolder="CMake Files\..\..\..\..\..\usr\lib\x86_64-linux-gnu\cmake\Qt5Core\"/>
		</Unit>
		<Unit filename="/home/saul/proj/Fondue-Rays/Fondue-core/../../../../../usr/lib/x86_64-linux-gnu/cmake/Qt5Core/Qt5CoreMacros.cmake">
			<Option virtualFolder="CMake Files\..\..\..\..\..\usr\lib\x86_64-linux-gnu\cmake\Qt5Core\"/>
		</Unit>
		<Unit filename="/home/saul/proj/Fondue-Rays/Fondue-core/configuration/root_directory.h.in">
			<Option virtualFolder="CMake Files\configuration\"/>
		</Unit>
	</Project>
</CodeBlocks_project_file>
